
Microsoft Visual Studio Solution File, Format Version 12.00
# Visual Studio Version 16
VisualStudioVersion = 16.0.30711.63
MinimumVisualStudioVersion = 10.0.40219.1
Project("{FAE04EC0-301F-11D3-BF4B-00C04F79EFBC}") = "MapPredictionApp", "MapPredictionApp\MapPredictionApp.csproj", "{2DA13FA2-6735-4968-A85C-9F4BE07AE24D}"
EndProject
Global
	GlobalSection(SolutionConfigurationPlatforms) = preSolution
		Debug|Any CPU = Debug|Any CPU
		Release|Any CPU = Release|Any CPU
	EndGlobalSection
	GlobalSection(ProjectConfigurationPlatforms) = postSolution
		{2DA13FA2-6735-4968-A85C-9F4BE07AE24D}.Debug|Any CPU.ActiveCfg = Debug|Any CPU
		{2DA13FA2-6735-4968-A85C-9F4BE07AE24D}.Debug|Any CPU.Build.0 = Debug|Any CPU
		{2DA13FA2-6735-4968-A85C-9F4BE07AE24D}.Release|Any CPU.ActiveCfg = Release|Any CPU
		{2DA13FA2-6735-4968-A85C-9F4BE07AE24D}.Release|Any CPU.Build.0 = Release|Any CPU
	EndGlobalSection
	GlobalSection(SolutionProperties) = preSolution
		HideSolutionNode = FALSE
	EndGlobalSection
	GlobalSection(ExtensibilityGlobals) = postSolution
		SolutionGuid = {375CD67F-B81C-45BB-8D31-6615E9032014}
	EndGlobalSection
EndGlobal
